Microsoft Visual Studio Solution File, Format Version 12.00
# Visual Studio Version 17
VisualStudioVersion = 17.5.2.0
MinimumVisualStudioVersion = 10.0.40219.1
Project("{FAE04EC0-301F-11D3-BF4B-00C04F79EFBC}") = "OnlineProductManagementSystem", "OnlineProductManagementSystem.csproj", "{C34CA5C8-DD0B-32A1-3465-571039FE5FFA}"
EndProject
Global
	GlobalSection(SolutionConfigurationPlatforms) = preSolution
		Debug|Any CPU = Debug|Any CPU
		Release|Any CPU = Release|Any CPU
	EndGlobalSection
	GlobalSection(ProjectConfigurationPlatforms) = postSolution
		{C34CA5C8-DD0B-32A1-3465-571039FE5FFA}.Debug|Any CPU.ActiveCfg = Debug|Any CPU
		{C34CA5C8-DD0B-32A1-3465-571039FE5FFA}.Debug|Any CPU.Build.0 = Debug|Any CPU
		{C34CA5C8-DD0B-32A1-3465-571039FE5FFA}.Release|Any CPU.ActiveCfg = Release|Any CPU
		{C34CA5C8-DD0B-32A1-3465-571039FE5FFA}.Release|Any CPU.Build.0 = Release|Any CPU
	EndGlobalSection
	GlobalSection(SolutionProperties) = preSolution
		HideSolutionNode = FALSE
	EndGlobalSection
	GlobalSection(ExtensibilityGlobals) = postSolution
		SolutionGuid = {4E8108AB-CEF5-4D24-A87A-EECDFF954F01}
	EndGlobalSection
EndGlobal
